// !$*UTF8*$!
{
	archiveVersion = 1;
	classes = {
	};
	objectVersion = 56;
	objects = {

/* Begin PBXBuildFile section */
		F0A1D4AB2C075E1E002813B3 /* AppDelegate.swift in Sources */ = {isa = PBXBuildFile; fileRef = F0A1D4AA2C075E1E002813B3 /* AppDelegate.swift */; };
		F0A1D4AF2C075E1E002813B3 /* LoginViewController.swift in Sources */ = {isa = PBXBuildFile; fileRef = F0A1D4AE2C075E1E002813B3 /* LoginViewController.swift */; };
		F0A1D4B42C075E1F002813B3 /* Assets.xcassets in Resources */ = {isa = PBXBuildFile; fileRef = F0A1D4B32C075E1F002813B3 /* Assets.xcassets */; };
		F0A1D4B72C075E1F002813B3 /* Base in Resources */ = {isa = PBXBuildFile; fileRef = F0A1D4B62C075E1F002813B3 /* Base */; };
		F0A1D4C12C0761AD002813B3 /* AppRouter.swift in Sources */ = {isa = PBXBuildFile; fileRef = F0A1D4C02C0761AD002813B3 /* AppRouter.swift */; };
		F0A1D4C52C076343002813B3 /* LoginInteractor.swift in Sources */ = {isa = PBXBuildFile; fileRef = F0A1D4C42C076343002813B3 /* LoginInteractor.swift */; };
		F0A1D4C72C076361002813B3 /* LoginPresenter.swift in Sources */ = {isa = PBXBuildFile; fileRef = F0A1D4C62C076361002813B3 /* LoginPresenter.swift */; };
		F0A1D4CA2C0763D2002813B3 /* LoginRequestModel.swift in Sources */ = {isa = PBXBuildFile; fileRef = F0A1D4C92C0763D2002813B3 /* LoginRequestModel.swift */; };
		F0A1D4CC2C0763F9002813B3 /* LoginResponseModel.swift in Sources */ = {isa = PBXBuildFile; fileRef = F0A1D4CB2C0763F9002813B3 /* LoginResponseModel.swift */; };
		F0A1D4CE2C076411002813B3 /* LoginViewModel.swift in Sources */ = {isa = PBXBuildFile; fileRef = F0A1D4CD2C076411002813B3 /* LoginViewModel.swift */; };
/* End PBXBuildFile section */

/* Begin PBXFileReference section */
		F0A1D4A72C075E1E002813B3 /* TestCleanSwiftApp.app */ = {isa = PBXFileReference; explicitFileType = wrapper.application; includeInIndex = 0; path = TestCleanSwiftApp.app; sourceTree = BUILT_PRODUCTS_DIR; };
		F0A1D4AA2C075E1E002813B3 /* AppDelegate.swift */ = {isa = PBXFileReference; lastKnownFileType = sourcecode.swift; path = AppDelegate.swift; sourceTree = "<group>"; };
		F0A1D4AE2C075E1E002813B3 /* LoginViewController.swift */ = {isa = PBXFileReference; lastKnownFileType = sourcecode.swift; path = LoginViewController.swift; sourceTree = "<group>"; };
		F0A1D4B32C075E1F002813B3 /* Assets.xcassets */ = {isa = PBXFileReference; lastKnownFileType = folder.assetcatalog; path = Assets.xcassets; sourceTree = "<group>"; };
		F0A1D4B62C075E1F002813B3 /* Base */ = {isa = PBXFileReference; lastKnownFileType = file.storyboard; name = Base; path = Base.lproj/LaunchScreen.storyboard; sourceTree = "<group>"; };
		F0A1D4B82C075E1F002813B3 /* Info.plist */ = {isa = PBXFileReference; lastKnownFileType = text.plist.xml; path = Info.plist; sourceTree = "<group>"; };
		F0A1D4C02C0761AD002813B3 /* AppRouter.swift */ = {isa = PBXFileReference; lastKnownFileType = sourcecode.swift; path = AppRouter.swift; sourceTree = "<group>"; };
		F0A1D4C42C076343002813B3 /* LoginInteractor.swift */ = {isa = PBXFileReference; lastKnownFileType = sourcecode.swift; path = LoginInteractor.swift; sourceTree = "<group>"; };
		F0A1D4C62C076361002813B3 /* LoginPresenter.swift */ = {isa = PBXFileReference; lastKnownFileType = sourcecode.swift; path = LoginPresenter.swift; sourceTree = "<group>"; };
		F0A1D4C92C0763D2002813B3 /* LoginRequestModel.swift */ = {isa = PBXFileReference; lastKnownFileType = sourcecode.swift; path = LoginRequestModel.swift; sourceTree = "<group>"; };
		F0A1D4CB2C0763F9002813B3 /* LoginResponseModel.swift */ = {isa = PBXFileReference; lastKnownFileType = sourcecode.swift; path = LoginResponseModel.swift; sourceTree = "<group>"; };
		F0A1D4CD2C076411002813B3 /* LoginViewModel.swift */ = {isa = PBXFileReference; lastKnownFileType = sourcecode.swift; path = LoginViewModel.swift; sourceTree = "<group>"; };
/* End PBXFileReference section */

/* Begin PBXFrameworksBuildPhase section */
		F0A1D4A42C075E1E002813B3 /* Frameworks */ = {
			isa = PBXFrameworksBuildPhase;
			buildActionMask = 2147483647;
			files = (
			);
			runOnlyForDeploymentPostprocessing = 0;
		};
/* End PBXFrameworksBuildPhase section */

/* Begin PBXGroup section */
		F0A1D49E2C075E1E002813B3 = {
			isa = PBXGroup;
			children = (
				F0A1D4A92C075E1E002813B3 /* TestCleanSwiftApp */,
				F0A1D4A82C075E1E002813B3 /* Products */,
			);
			sourceTree = "<group>";
		};
		F0A1D4A82C075E1E002813B3 /* Products */ = {
			isa = PBXGroup;
			children = (
				F0A1D4A72C075E1E002813B3 /* TestCleanSwiftApp.app */,
			);
			name = Products;
			sourceTree = "<group>";
		};
		F0A1D4A92C075E1E002813B3 /* TestCleanSwiftApp */ = {
			isa = PBXGroup;
			children = (
				F0A1D4AA2C075E1E002813B3 /* AppDelegate.swift */,
				F0A1D4BF2C07613A002813B3 /* Router */,
				F0A1D4BE2C0760DE002813B3 /* Screens */,
				F0A1D4B32C075E1F002813B3 /* Assets.xcassets */,
				F0A1D4B52C075E1F002813B3 /* LaunchScreen.storyboard */,
				F0A1D4B82C075E1F002813B3 /* Info.plist */,
			);
			path = TestCleanSwiftApp;
			sourceTree = "<group>";
		};
		F0A1D4BE2C0760DE002813B3 /* Screens */ = {
			isa = PBXGroup;
			children = (
				F0A1D4C22C07630A002813B3 /* LoginScreen */,
			);
			path = Screens;
			sourceTree = "<group>";
		};
		F0A1D4BF2C07613A002813B3 /* Router */ = {
			isa = PBXGroup;
			children = (
				F0A1D4C02C0761AD002813B3 /* AppRouter.swift */,
			);
			path = Router;
			sourceTree = "<group>";
		};
		F0A1D4C22C07630A002813B3 /* LoginScreen */ = {
			isa = PBXGroup;
			children = (
				F0A1D4C82C07639B002813B3 /* Models */,
				F0A1D4C32C076319002813B3 /* LoginVIP */,
			);
			path = LoginScreen;
			sourceTree = "<group>";
		};
		F0A1D4C32C076319002813B3 /* LoginVIP */ = {
			isa = PBXGroup;
			children = (
				F0A1D4AE2C075E1E002813B3 /* LoginViewController.swift */,
				F0A1D4C42C076343002813B3 /* LoginInteractor.swift */,
				F0A1D4C62C076361002813B3 /* LoginPresenter.swift */,
			);
			path = LoginVIP;
			sourceTree = "<group>";
		};
		F0A1D4C82C07639B002813B3 /* Models */ = {
			isa = PBXGroup;
			children = (
				F0A1D4C92C0763D2002813B3 /* LoginRequestModel.swift */,
				F0A1D4CB2C0763F9002813B3 /* LoginResponseModel.swift */,
				F0A1D4CD2C076411002813B3 /* LoginViewModel.swift */,
			);
			path = Models;
			sourceTree = "<group>";
		};
/* End PBXGroup section */

/* Begin PBXNativeTarget section */
		F0A1D4A62C075E1E002813B3 /* TestCleanSwiftApp */ = {
			isa = PBXNativeTarget;
			buildConfigurationList = F0A1D4BB2C075E1F002813B3 /* Build configuration list for PBXNativeTarget "TestCleanSwiftApp" */;
			buildPhases = (
				F0A1D4A32C075E1E002813B3 /* Sources */,
				F0A1D4A42C075E1E002813B3 /* Frameworks */,
				F0A1D4A52C075E1E002813B3 /* Resources */,
			);
			buildRules = (
			);
			dependencies = (
			);
			name = TestCleanSwiftApp;
			productName = TestCleanSwiftApp;
			productReference = F0A1D4A72C075E1E002813B3 /* TestCleanSwiftApp.app */;
			productType = "com.apple.product-type.application";
		};
/* End PBXNativeTarget section */

/* Begin PBXProject section */
		F0A1D49F2C075E1E002813B3 /* Project object */ = {
			isa = PBXProject;
			attributes = {
				BuildIndependentTargetsInParallel = 1;
				LastSwiftUpdateCheck = 1540;
				LastUpgradeCheck = 1540;
				TargetAttributes = {
					F0A1D4A62C075E1E002813B3 = {
						CreatedOnToolsVersion = 15.4;
					};
				};
			};
			buildConfigurationList = F0A1D4A22C075E1E002813B3 /* Build configuration list for PBXProject "TestCleanSwiftApp" */;
			compatibilityVersion = "Xcode 14.0";
			developmentRegion = en;
			hasScannedForEncodings = 0;
			knownRegions = (
				en,
				Base,
			);
			mainGroup = F0A1D49E2C075E1E002813B3;
			productRefGroup = F0A1D4A82C075E1E002813B3 /* Products */;
			projectDirPath = "";
			projectRoot = "";
			targets = (
				F0A1D4A62C075E1E002813B3 /* TestCleanSwiftApp */,
			);
		};
/* End PBXProject section */

/* Begin PBXResourcesBuildPhase section */
		F0A1D4A52C075E1E002813B3 /* Resources */ = {
			isa = PBXResourcesBuildPhase;
			buildActionMask = 2147483647;
			files = (
				F0A1D4B42C075E1F002813B3 /* Assets.xcassets in Resources */,
				F0A1D4B72C075E1F002813B3 /* Base in Resources */,
			);
			runOnlyForDeploymentPostprocessing = 0;
		};
/* End PBXResourcesBuildPhase section */

/* Begin PBXSourcesBuildPhase section */
		F0A1D4A32C075E1E002813B3 /* Sources */ = {
			isa = PBXSourcesBuildPhase;
			buildActionMask = 2147483647;
			files = (
				F0A1D4C52C076343002813B3 /* LoginInteractor.swift in Sources */,
				F0A1D4CC2C0763F9002813B3 /* LoginResponseModel.swift in Sources */,
				F0A1D4AF2C075E1E002813B3 /* LoginViewController.swift in Sources */,
				F0A1D4AB2C075E1E002813B3 /* AppDelegate.swift in Sources */,
				F0A1D4CE2C076411002813B3 /* LoginViewModel.swift in Sources */,
				F0A1D4C12C0761AD002813B3 /* AppRouter.swift in Sources */,
				F0A1D4C72C076361002813B3 /* LoginPresenter.swift in Sources */,
				F0A1D4CA2C0763D2002813B3 /* LoginRequestModel.swift in Sources */,
			);
			runOnlyForDeploymentPostprocessing = 0;
		};
/* End PBXSourcesBuildPhase section */

/* Begin PBXVariantGroup section */
		F0A1D4B52C075E1F002813B3 /* LaunchScreen.storyboard */ = {
			isa = PBXVariantGroup;
			children = (
				F0A1D4B62C075E1F002813B3 /* Base */,
			);
			name = LaunchScreen.storyboard;
			sourceTree = "<group>";
		};
/* End PBXVariantGroup section */

/* Begin XCBuildConfiguration section */
		F0A1D4B92C075E1F002813B3 /* Debug */ = {
			isa = XCBuildConfiguration;
			buildSettings = {
				ALWAYS_SEARCH_USER_PATHS = NO;
				ASSETCATALOG_COMPILER_GENERATE_SWIFT_ASSET_SYMBOL_EXTENSIONS = YES;
				CLANG_ANALYZER_NONNULL = YES;
				CLANG_ANALYZER_NUMBER_OBJECT_CONVERSION = YES_AGGRESSIVE;
				CLANG_CXX_LANGUAGE_STANDARD = "gnu++20";
				CLANG_ENABLE_MODULES = YES;
				CLANG_ENABLE_OBJC_ARC = YES;
				CLANG_ENABLE_OBJC_WEAK = YES;
				CLANG_WARN_BLOCK_CAPTURE_AUTORELEASING = YES;
				CLANG_WARN_BOOL_CONVERSION = YES;
				CLANG_WARN_COMMA = YES;
				CLANG_WARN_CONSTANT_CONVERSION = YES;
				CLANG_WARN_DEPRECATED_OBJC_IMPLEMENTATIONS = YES;
				CLANG_WARN_DIRECT_OBJC_ISA_USAGE = YES_ERROR;
				CLANG_WARN_DOCUMENTATION_COMMENTS = YES;
				CLANG_WARN_EMPTY_BODY = YES;
				CLANG_WARN_ENUM_CONVERSION = YES;
				CLANG_WARN_INFINITE_RECURSION = YES;
				CLANG_WARN_INT_CONVERSION = YES;
				CLANG_WARN_NON_LITERAL_NULL_CONVERSION = YES;
				CLANG_WARN_OBJC_IMPLICIT_RETAIN_SELF = YES;
				CLANG_WARN_OBJC_LITERAL_CONVERSION = YES;
				CLANG_WARN_OBJC_ROOT_CLASS = YES_ERROR;
				CLANG_WARN_QUOTED_INCLUDE_IN_FRAMEWORK_HEADER = YES;
				CLANG_WARN_RANGE_LOOP_ANALYSIS = YES;
				CLANG_WARN_STRICT_PROTOTYPES = YES;
				CLANG_WARN_SUSPICIOUS_MOVE = YES;
				CLANG_WARN_UNGUARDED_AVAILABILITY = YES_AGGRESSIVE;
				CLANG_WARN_UNREACHABLE_CODE = YES;
				CLANG_WARN__DUPLICATE_METHOD_MATCH = YES;
				COPY_PHASE_STRIP = NO;
				DEBUG_INFORMATION_FORMAT = dwarf;
				ENABLE_STRICT_OBJC_MSGSEND = YES;
				ENABLE_TESTABILITY = YES;
				ENABLE_USER_SCRIPT_SANDBOXING = YES;
				GCC_C_LANGUAGE_STANDARD = gnu17;
				GCC_DYNAMIC_NO_PIC = NO;
				GCC_NO_COMMON_BLOCKS = YES;
				GCC_OPTIMIZATION_LEVEL = 0;
				GCC_PREPROCESSOR_DEFINITIONS = (
					"DEBUG=1",
					"$(inherited)",
				);
				GCC_WARN_64_TO_32_BIT_CONVERSION = YES;
				GCC_WARN_ABOUT_RETURN_TYPE = YES_ERROR;
				GCC_WARN_UNDECLARED_SELECTOR = YES;
				GCC_WARN_UNINITIALIZED_AUTOS = YES_AGGRESSIVE;
				GCC_WARN_UNUSED_FUNCTION = YES;
				GCC_WARN_UNUSED_VARIABLE = YES;
				IPHONEOS_DEPLOYMENT_TARGET = 17.5;
				LOCALIZATION_PREFERS_STRING_CATALOGS = YES;
				MTL_ENABLE_DEBUG_INFO = INCLUDE_SOURCE;
				MTL_FAST_MATH = YES;
				ONLY_ACTIVE_ARCH = YES;
				SDKROOT = iphoneos;
				SWIFT_ACTIVE_COMPILATION_CONDITIONS = "DEBUG $(inherited)";
				SWIFT_OPTIMIZATION_LEVEL = "-Onone";
			};
			name = Debug;
		};
		F0A1D4BA2C075E1F002813B3 /* Release */ = {
			isa = XCBuildConfiguration;
			buildSettings = {
				ALWAYS_SEARCH_USER_PATHS = NO;
				ASSETCATALOG_COMPILER_GENERATE_SWIFT_ASSET_SYMBOL_EXTENSIONS = YES;
				CLANG_ANALYZER_NONNULL = YES;
				CLANG_ANALYZER_NUMBER_OBJECT_CONVERSION = YES_AGGRESSIVE;
				CLANG_CXX_LANGUAGE_STANDARD = "gnu++20";
				CLANG_ENABLE_MODULES = YES;
				CLANG_ENABLE_OBJC_ARC = YES;
				CLANG_ENABLE_OBJC_WEAK = YES;
				CLANG_WARN_BLOCK_CAPTURE_AUTORELEASING = YES;
				CLANG_WARN_BOOL_CONVERSION = YES;
				CLANG_WARN_COMMA = YES;
				CLANG_WARN_CONSTANT_CONVERSION = YES;
				CLANG_WARN_DEPRECATED_OBJC_IMPLEMENTATIONS = YES;
				CLANG_WARN_DIRECT_OBJC_ISA_USAGE = YES_ERROR;
				CLANG_WARN_DOCUMENTATION_COMMENTS = YES;
				CLANG_WARN_EMPTY_BODY = YES;
				CLANG_WARN_ENUM_CONVERSION = YES;
				CLANG_WARN_INFINITE_RECURSION = YES;
				CLANG_WARN_INT_CONVERSION = YES;
				CLANG_WARN_NON_LITERAL_NULL_CONVERSION = YES;
				CLANG_WARN_OBJC_IMPLICIT_RETAIN_SELF = YES;
				CLANG_WARN_OBJC_LITERAL_CONVERSION = YES;
				CLANG_WARN_OBJC_ROOT_CLASS = YES_ERROR;
				CLANG_WARN_QUOTED_INCLUDE_IN_FRAMEWORK_HEADER = YES;
				CLANG_WARN_RANGE_LOOP_ANALYSIS = YES;
				CLANG_WARN_STRICT_PROTOTYPES = YES;
				CLANG_WARN_SUSPICIOUS_MOVE = YES;
				CLANG_WARN_UNGUARDED_AVAILABILITY = YES_AGGRESSIVE;
				CLANG_WARN_UNREACHABLE_CODE = YES;
				CLANG_WARN__DUPLICATE_METHOD_MATCH = YES;
				COPY_PHASE_STRIP = NO;
				DEBUG_INFORMATION_FORMAT = "dwarf-with-dsym";
				ENABLE_NS_ASSERTIONS = NO;
				ENABLE_STRICT_OBJC_MSGSEND = YES;
				ENABLE_USER_SCRIPT_SANDBOXING = YES;
				GCC_C_LANGUAGE_STANDARD = gnu17;
				GCC_NO_COMMON_BLOCKS = YES;
				GCC_WARN_64_TO_32_BIT_CONVERSION = YES;
				GCC_WARN_ABOUT_RETURN_TYPE = YES_ERROR;
				GCC_WARN_UNDECLARED_SELECTOR = YES;
				GCC_WARN_UNINITIALIZED_AUTOS = YES_AGGRESSIVE;
				GCC_WARN_UNUSED_FUNCTION = YES;
				GCC_WARN_UNUSED_VARIABLE = YES;
				IPHONEOS_DEPLOYMENT_TARGET = 17.5;
				LOCALIZATION_PREFERS_STRING_CATALOGS = YES;
				MTL_ENABLE_DEBUG_INFO = NO;
				MTL_FAST_MATH = YES;
				SDKROOT = iphoneos;
				SWIFT_COMPILATION_MODE = wholemodule;
				VALIDATE_PRODUCT = YES;
			};
			name = Release;
		};
		F0A1D4BC2C075E1F002813B3 /* Debug */ = {
			isa = XCBuildConfiguration;
			buildSettings = {
				ASSETCATALOG_COMPILER_APPICON_NAME = AppIcon;
				ASSETCATALOG_COMPILER_GLOBAL_ACCENT_COLOR_NAME = AccentColor;
				CODE_SIGN_STYLE = Automatic;
				CURRENT_PROJECT_VERSION = 1;
				DEVELOPMENT_TEAM = KKX4NMFRVY;
				GENERATE_INFOPLIST_FILE = YES;
				INFOPLIST_FILE = TestCleanSwiftApp/Info.plist;
				INFOPLIST_KEY_UIApplicationSupportsIndirectInputEvents = YES;
				INFOPLIST_KEY_UILaunchStoryboardName = LaunchScreen;
				INFOPLIST_KEY_UIMainStoryboardFile = "";
				INFOPLIST_KEY_UISupportedInterfaceOrientations_iPad = "UIInterfaceOrientationPortrait UIInterfaceOrientationPortraitUpsideDown UIInterfaceOrientationLandscapeLeft UIInterfaceOrientationLandscapeRight";
				INFOPLIST_KEY_UISupportedInterfaceOrientations_iPhone = "UIInterfaceOrientationPortrait UIInterfaceOrientationLandscapeLeft UIInterfaceOrientationLandscapeRight";
				IPHONEOS_DEPLOYMENT_TARGET = 17.0;
				LD_RUNPATH_SEARCH_PATHS = (
					"$(inherited)",
					"@executable_path/Frameworks",
				);
				MARKETING_VERSION = 1.0;
				PRODUCT_BUNDLE_IDENTIFIER = com.TestCleanSwiftApp.TestCleanSwiftApp;
				PRODUCT_NAME = "$(TARGET_NAME)";
				SWIFT_EMIT_LOC_STRINGS = YES;
				SWIFT_VERSION = 5.0;
				TARGETED_DEVICE_FAMILY = "1,2";
			};
			name = Debug;
		};
		F0A1D4BD2C075E1F002813B3 /* Release */ = {
			isa = XCBuildConfiguration;
			buildSettings = {
				ASSETCATALOG_COMPILER_APPICON_NAME = AppIcon;
				ASSETCATALOG_COMPILER_GLOBAL_ACCENT_COLOR_NAME = AccentColor;
				CODE_SIGN_STYLE = Automatic;
				CURRENT_PROJECT_VERSION = 1;
				DEVELOPMENT_TEAM = KKX4NMFRVY;
				GENERATE_INFOPLIST_FILE = YES;
				INFOPLIST_FILE = TestCleanSwiftApp/Info.plist;
				INFOPLIST_KEY_UIApplicationSupportsIndirectInputEvents = YES;
				INFOPLIST_KEY_UILaunchStoryboardName = LaunchScreen;
				INFOPLIST_KEY_UIMainStoryboardFile = "";
				INFOPLIST_KEY_UISupportedInterfaceOrientations_iPad = "UIInterfaceOrientationPortrait UIInterfaceOrientationPortraitUpsideDown UIInterfaceOrientationLandscapeLeft UIInterfaceOrientationLandscapeRight";
				INFOPLIST_KEY_UISupportedInterfaceOrientations_iPhone = "UIInterfaceOrientationPortrait UIInterfaceOrientationLandscapeLeft UIInterfaceOrientationLandscapeRight";
				IPHONEOS_DEPLOYMENT_TARGET = 17.0;
				LD_RUNPATH_SEARCH_PATHS = (
					"$(inherited)",
					"@executable_path/Frameworks",
				);
				MARKETING_VERSION = 1.0;
				PRODUCT_BUNDLE_IDENTIFIER = com.TestCleanSwiftApp.TestCleanSwiftApp;
				PRODUCT_NAME = "$(TARGET_NAME)";
				SWIFT_EMIT_LOC_STRINGS = YES;
				SWIFT_VERSION = 5.0;
				TARGETED_DEVICE_FAMILY = "1,2";
			};
			name = Release;
		};
/* End XCBuildConfiguration section */

/* Begin XCConfigurationList section */
		F0A1D4A22C075E1E002813B3 /* Build configuration list for PBXProject "TestCleanSwiftApp" */ = {
			isa = XCConfigurationList;
			buildConfigurations = (
				F0A1D4B92C075E1F002813B3 /* Debug */,
				F0A1D4BA2C075E1F002813B3 /* Release */,
			);
			defaultConfigurationIsVisible = 0;
			defaultConfigurationName = Release;
		};
		F0A1D4BB2C075E1F002813B3 /* Build configuration list for PBXNativeTarget "TestCleanSwiftApp" */ = {
			isa = XCConfigurationList;
			buildConfigurations = (
				F0A1D4BC2C075E1F002813B3 /* Debug */,
				F0A1D4BD2C075E1F002813B3 /* Release */,
			);
			defaultConfigurationIsVisible = 0;
			defaultConfigurationName = Release;
		};
/* End XCConfigurationList section */
	};
	rootObject = F0A1D49F2C075E1E002813B3 /* Project object */;
}
